// !$*UTF8*$!
{
	archiveVersion = 1;
	classes = {
	};
	objectVersion = 56;
	objects = {

/* Begin PBXBuildFile section */
		BD9FADFB2C53AA4C0008878E /* questionsApp.swift in Sources */ = {isa = PBXBuildFile; fileRef = BD9FADFA2C53AA4C0008878E /* questionsApp.swift */; };
		BD9FADFD2C53AA4C0008878E /* ContentView.swift in Sources */ = {isa = PBXBuildFile; fileRef = BD9FADFC2C53AA4C0008878E /* ContentView.swift */; };
		BD9FADFF2C53AA4E0008878E /* Assets.xcassets in Resources */ = {isa = PBXBuildFile; fileRef = BD9FADFE2C53AA4E0008878E /* Assets.xcassets */; };
		BD9FAE022C53AA4E0008878E /* Preview Assets.xcassets in Resources */ = {isa = PBXBuildFile; fileRef = BD9FAE012C53AA4E0008878E /* Preview Assets.xcassets */; };
		BD9FAE0C2C53AA4E0008878E /* questionsTests.swift in Sources */ = {isa = PBXBuildFile; fileRef = BD9FAE0B2C53AA4E0008878E /* questionsTests.swift */; };
		BD9FAE162C53AA4E0008878E /* questionsUITests.swift in Sources */ = {isa = PBXBuildFile; fileRef = BD9FAE152C53AA4E0008878E /* questionsUITests.swift */; };
		BD9FAE182C53AA4E0008878E /* questionsUITestsLaunchTests.swift in Sources */ = {isa = PBXBuildFile; fileRef = BD9FAE172C53AA4E0008878E /* questionsUITestsLaunchTests.swift */; };
		BD9FAE252C53ACAD0008878E /* q1.swift in Sources */ = {isa = PBXBuildFile; fileRef = BD9FAE242C53ACAD0008878E /* q1.swift */; };
		BD9FAE292C53B3E80008878E /* q2.swift in Sources */ = {isa = PBXBuildFile; fileRef = BD9FAE282C53B3E80008878E /* q2.swift */; };
		BD9FAE2B2C53B4E90008878E /* q3.swift in Sources */ = {isa = PBXBuildFile; fileRef = BD9FAE2A2C53B4E90008878E /* q3.swift */; };
		BD9FAE2D2C53B5FE0008878E /* fin.swift in Sources */ = {isa = PBXBuildFile; fileRef = BD9FAE2C2C53B5FE0008878E /* fin.swift */; };
/* End PBXBuildFile section */

/* Begin PBXContainerItemProxy section */
		BD9FAE082C53AA4E0008878E /* PBXContainerItemProxy */ = {
			isa = PBXContainerItemProxy;
			containerPortal = BD9FADEF2C53AA4C0008878E /* Project object */;
			proxyType = 1;
			remoteGlobalIDString = BD9FADF62C53AA4C0008878E;
			remoteInfo = questions;
		};
		BD9FAE122C53AA4E0008878E /* PBXContainerItemProxy */ = {
			isa = PBXContainerItemProxy;
			containerPortal = BD9FADEF2C53AA4C0008878E /* Project object */;
			proxyType = 1;
			remoteGlobalIDString = BD9FADF62C53AA4C0008878E;
			remoteInfo = questions;
		};
/* End PBXContainerItemProxy section */

/* Begin PBXFileReference section */
		BD9FADF72C53AA4C0008878E /* questions.app */ = {isa = PBXFileReference; explicitFileType = wrapper.application; includeInIndex = 0; path = questions.app; sourceTree = BUILT_PRODUCTS_DIR; };
		BD9FADFA2C53AA4C0008878E /* questionsApp.swift */ = {isa = PBXFileReference; lastKnownFileType = sourcecode.swift; path = questionsApp.swift; sourceTree = "<group>"; };
		BD9FADFC2C53AA4C0008878E /* ContentView.swift */ = {isa = PBXFileReference; lastKnownFileType = sourcecode.swift; path = ContentView.swift; sourceTree = "<group>"; };
		BD9FADFE2C53AA4E0008878E /* Assets.xcassets */ = {isa = PBXFileReference; lastKnownFileType = folder.assetcatalog; path = Assets.xcassets; sourceTree = "<group>"; };
		BD9FAE012C53AA4E0008878E /* Preview Assets.xcassets */ = {isa = PBXFileReference; lastKnownFileType = folder.assetcatalog; path = "Preview Assets.xcassets"; sourceTree = "<group>"; };
		BD9FAE072C53AA4E0008878E /* questionsTests.xctest */ = {isa = PBXFileReference; explicitFileType = wrapper.cfbundle; includeInIndex = 0; path = questionsTests.xctest; sourceTree = BUILT_PRODUCTS_DIR; };
		BD9FAE0B2C53AA4E0008878E /* questionsTests.swift */ = {isa = PBXFileReference; lastKnownFileType = sourcecode.swift; path = questionsTests.swift; sourceTree = "<group>"; };
		BD9FAE112C53AA4E0008878E /* questionsUITests.xctest */ = {isa = PBXFileReference; explicitFileType = wrapper.cfbundle; includeInIndex = 0; path = questionsUITests.xctest; sourceTree = BUILT_PRODUCTS_DIR; };
		BD9FAE152C53AA4E0008878E /* questionsUITests.swift */ = {isa = PBXFileReference; lastKnownFileType = sourcecode.swift; path = questionsUITests.swift; sourceTree = "<group>"; };
		BD9FAE172C53AA4E0008878E /* questionsUITestsLaunchTests.swift */ = {isa = PBXFileReference; lastKnownFileType = sourcecode.swift; path = questionsUITestsLaunchTests.swift; sourceTree = "<group>"; };
		BD9FAE242C53ACAD0008878E /* q1.swift */ = {isa = PBXFileReference; lastKnownFileType = sourcecode.swift; path = q1.swift; sourceTree = "<group>"; };
		BD9FAE282C53B3E80008878E /* q2.swift */ = {isa = PBXFileReference; lastKnownFileType = sourcecode.swift; path = q2.swift; sourceTree = "<group>"; };
		BD9FAE2A2C53B4E90008878E /* q3.swift */ = {isa = PBXFileReference; lastKnownFileType = sourcecode.swift; path = q3.swift; sourceTree = "<group>"; };
		BD9FAE2C2C53B5FE0008878E /* fin.swift */ = {isa = PBXFileReference; lastKnownFileType = sourcecode.swift; path = fin.swift; sourceTree = "<group>"; };
/* End PBXFileReference section */

/* Begin PBXFrameworksBuildPhase section */
		BD9FADF42C53AA4C0008878E /* Frameworks */ = {
			isa = PBXFrameworksBuildPhase;
			buildActionMask = 2147483647;
			files = (
			);
			runOnlyForDeploymentPostprocessing = 0;
		};
		BD9FAE042C53AA4E0008878E /* Frameworks */ = {
			isa = PBXFrameworksBuildPhase;
			buildActionMask = 2147483647;
			files = (
			);
			runOnlyForDeploymentPostprocessing = 0;
		};
		BD9FAE0E2C53AA4E0008878E /* Frameworks */ = {
			isa = PBXFrameworksBuildPhase;
			buildActionMask = 2147483647;
			files = (
			);
			runOnlyForDeploymentPostprocessing = 0;
		};
/* End PBXFrameworksBuildPhase section */

/* Begin PBXGroup section */
		BD9FADEE2C53AA4C0008878E = {
			isa = PBXGroup;
			children = (
				BD9FADF92C53AA4C0008878E /* questions */,
				BD9FAE0A2C53AA4E0008878E /* questionsTests */,
				BD9FAE142C53AA4E0008878E /* questionsUITests */,
				BD9FADF82C53AA4C0008878E /* Products */,
			);
			sourceTree = "<group>";
		};
		BD9FADF82C53AA4C0008878E /* Products */ = {
			isa = PBXGroup;
			children = (
				BD9FADF72C53AA4C0008878E /* questions.app */,
				BD9FAE072C53AA4E0008878E /* questionsTests.xctest */,
				BD9FAE112C53AA4E0008878E /* questionsUITests.xctest */,
			);
			name = Products;
			sourceTree = "<group>";
		};
		BD9FADF92C53AA4C0008878E /* questions */ = {
			isa = PBXGroup;
			children = (
				BD9FADFA2C53AA4C0008878E /* questionsApp.swift */,
				BD9FADFC2C53AA4C0008878E /* ContentView.swift */,
				BD9FAE242C53ACAD0008878E /* q1.swift */,
				BD9FAE282C53B3E80008878E /* q2.swift */,
				BD9FAE2A2C53B4E90008878E /* q3.swift */,
				BD9FAE2C2C53B5FE0008878E /* fin.swift */,
				BD9FADFE2C53AA4E0008878E /* Assets.xcassets */,
				BD9FAE002C53AA4E0008878E /* Preview Content */,
			);
			path = questions;
			sourceTree = "<group>";
		};
		BD9FAE002C53AA4E0008878E /* Preview Content */ = {
			isa = PBXGroup;
			children = (
				BD9FAE012C53AA4E0008878E /* Preview Assets.xcassets */,
			);
			path = "Preview Content";
			sourceTree = "<group>";
		};
		BD9FAE0A2C53AA4E0008878E /* questionsTests */ = {
			isa = PBXGroup;
			children = (
				BD9FAE0B2C53AA4E0008878E /* questionsTests.swift */,
			);
			path = questionsTests;
			sourceTree = "<group>";
		};
		BD9FAE142C53AA4E0008878E /* questionsUITests */ = {
			isa = PBXGroup;
			children = (
				BD9FAE152C53AA4E0008878E /* questionsUITests.swift */,
				BD9FAE172C53AA4E0008878E /* questionsUITestsLaunchTests.swift */,
			);
			path = questionsUITests;
			sourceTree = "<group>";
		};
/* End PBXGroup section */

/* Begin PBXNativeTarget section */
		BD9FADF62C53AA4C0008878E /* questions */ = {
			isa = PBXNativeTarget;
			buildConfigurationList = BD9FAE1B2C53AA4E0008878E /* Build configuration list for PBXNativeTarget "questions" */;
			buildPhases = (
				BD9FADF32C53AA4C0008878E /* Sources */,
				BD9FADF42C53AA4C0008878E /* Frameworks */,
				BD9FADF52C53AA4C0008878E /* Resources */,
			);
			buildRules = (
			);
			dependencies = (
			);
			name = questions;
			productName = questions;
			productReference = BD9FADF72C53AA4C0008878E /* questions.app */;
			productType = "com.apple.product-type.application";
		};
		BD9FAE062C53AA4E0008878E /* questionsTests */ = {
			isa = PBXNativeTarget;
			buildConfigurationList = BD9FAE1E2C53AA4E0008878E /* Build configuration list for PBXNativeTarget "questionsTests" */;
			buildPhases = (
				BD9FAE032C53AA4E0008878E /* Sources */,
				BD9FAE042C53AA4E0008878E /* Frameworks */,
				BD9FAE052C53AA4E0008878E /* Resources */,
			);
			buildRules = (
			);
			dependencies = (
				BD9FAE092C53AA4E0008878E /* PBXTargetDependency */,
			);
			name = questionsTests;
			productName = questionsTests;
			productReference = BD9FAE072C53AA4E0008878E /* questionsTests.xctest */;
			productType = "com.apple.product-type.bundle.unit-test";
		};
		BD9FAE102C53AA4E0008878E /* questionsUITests */ = {
			isa = PBXNativeTarget;
			buildConfigurationList = BD9FAE212C53AA4E0008878E /* Build configuration list for PBXNativeTarget "questionsUITests" */;
			buildPhases = (
				BD9FAE0D2C53AA4E0008878E /* Sources */,
				BD9FAE0E2C53AA4E0008878E /* Frameworks */,
				BD9FAE0F2C53AA4E0008878E /* Resources */,
			);
			buildRules = (
			);
			dependencies = (
				BD9FAE132C53AA4E0008878E /* PBXTargetDependency */,
			);
			name = questionsUITests;
			productName = questionsUITests;
			productReference = BD9FAE112C53AA4E0008878E /* questionsUITests.xctest */;
			productType = "com.apple.product-type.bundle.ui-testing";
		};
/* End PBXNativeTarget section */

/* Begin PBXProject section */
		BD9FADEF2C53AA4C0008878E /* Project object */ = {
			isa = PBXProject;
			attributes = {
				BuildIndependentTargetsInParallel = 1;
				LastSwiftUpdateCheck = 1540;
				LastUpgradeCheck = 1540;
				TargetAttributes = {
					BD9FADF62C53AA4C0008878E = {
						CreatedOnToolsVersion = 15.4;
					};
					BD9FAE062C53AA4E0008878E = {
						CreatedOnToolsVersion = 15.4;
						TestTargetID = BD9FADF62C53AA4C0008878E;
					};
					BD9FAE102C53AA4E0008878E = {
						CreatedOnToolsVersion = 15.4;
						TestTargetID = BD9FADF62C53AA4C0008878E;
					};
				};
			};
			buildConfigurationList = BD9FADF22C53AA4C0008878E /* Build configuration list for PBXProject "questions" */;
			compatibilityVersion = "Xcode 14.0";
			developmentRegion = en;
			hasScannedForEncodings = 0;
			knownRegions = (
				en,
				Base,
			);
			mainGroup = BD9FADEE2C53AA4C0008878E;
			productRefGroup = BD9FADF82C53AA4C0008878E /* Products */;
			projectDirPath = "";
			projectRoot = "";
			targets = (
				BD9FADF62C53AA4C0008878E /* questions */,
				BD9FAE062C53AA4E0008878E /* questionsTests */,
				BD9FAE102C53AA4E0008878E /* questionsUITests */,
			);
		};
/* End PBXProject section */

/* Begin PBXResourcesBuildPhase section */
		BD9FADF52C53AA4C0008878E /* Resources */ = {
			isa = PBXResourcesBuildPhase;
			buildActionMask = 2147483647;
			files = (
				BD9FAE022C53AA4E0008878E /* Preview Assets.xcassets in Resources */,
				BD9FADFF2C53AA4E0008878E /* Assets.xcassets in Resources */,
			);
			runOnlyForDeploymentPostprocessing = 0;
		};
		BD9FAE052C53AA4E0008878E /* Resources */ = {
			isa = PBXResourcesBuildPhase;
			buildActionMask = 2147483647;
			files = (
			);
			runOnlyForDeploymentPostprocessing = 0;
		};
		BD9FAE0F2C53AA4E0008878E /* Resources */ = {
			isa = PBXResourcesBuildPhase;
			buildActionMask = 2147483647;
			files = (
			);
			runOnlyForDeploymentPostprocessing = 0;
		};
/* End PBXResourcesBuildPhase section */

/* Begin PBXSourcesBuildPhase section */
		BD9FADF32C53AA4C0008878E /* Sources */ = {
			isa = PBXSourcesBuildPhase;
			buildActionMask = 2147483647;
			files = (
				BD9FADFD2C53AA4C0008878E /* ContentView.swift in Sources */,
				BD9FAE252C53ACAD0008878E /* q1.swift in Sources */,
				BD9FAE2B2C53B4E90008878E /* q3.swift in Sources */,
				BD9FAE2D2C53B5FE0008878E /* fin.swift in Sources */,
				BD9FAE292C53B3E80008878E /* q2.swift in Sources */,
				BD9FADFB2C53AA4C0008878E /* questionsApp.swift in Sources */,
			);
			runOnlyForDeploymentPostprocessing = 0;
		};
		BD9FAE032C53AA4E0008878E /* Sources */ = {
			isa = PBXSourcesBuildPhase;
			buildActionMask = 2147483647;
			files = (
				BD9FAE0C2C53AA4E0008878E /* questionsTests.swift in Sources */,
			);
			runOnlyForDeploymentPostprocessing = 0;
		};
		BD9FAE0D2C53AA4E0008878E /* Sources */ = {
			isa = PBXSourcesBuildPhase;
			buildActionMask = 2147483647;
			files = (
				BD9FAE182C53AA4E0008878E /* questionsUITestsLaunchTests.swift in Sources */,
				BD9FAE162C53AA4E0008878E /* questionsUITests.swift in Sources */,
			);
			runOnlyForDeploymentPostprocessing = 0;
		};
/* End PBXSourcesBuildPhase section */

/* Begin PBXTargetDependency section */
		BD9FAE092C53AA4E0008878E /* PBXTargetDependency */ = {
			isa = PBXTargetDependency;
			target = BD9FADF62C53AA4C0008878E /* questions */;
			targetProxy = BD9FAE082C53AA4E0008878E /* PBXContainerItemProxy */;
		};
		BD9FAE132C53AA4E0008878E /* PBXTargetDependency */ = {
			isa = PBXTargetDependency;
			target = BD9FADF62C53AA4C0008878E /* questions */;
			targetProxy = BD9FAE122C53AA4E0008878E /* PBXContainerItemProxy */;
		};
/* End PBXTargetDependency section */

/* Begin XCBuildConfiguration section */
		BD9FAE192C53AA4E0008878E /* Debug */ = {
			isa = XCBuildConfiguration;
			buildSettings = {
				ALWAYS_SEARCH_USER_PATHS = NO;
				ASSETCATALOG_COMPILER_GENERATE_SWIFT_ASSET_SYMBOL_EXTENSIONS = YES;
				CLANG_ANALYZER_NONNULL = YES;
				CLANG_ANALYZER_NUMBER_OBJECT_CONVERSION = YES_AGGRESSIVE;
				CLANG_CXX_LANGUAGE_STANDARD = "gnu++20";
				CLANG_ENABLE_MODULES = YES;
				CLANG_ENABLE_OBJC_ARC = YES;
				CLANG_ENABLE_OBJC_WEAK = YES;
				CLANG_WARN_BLOCK_CAPTURE_AUTORELEASING = YES;
				CLANG_WARN_BOOL_CONVERSION = YES;
				CLANG_WARN_COMMA = YES;
				CLANG_WARN_CONSTANT_CONVERSION = YES;
				CLANG_WARN_DEPRECATED_OBJC_IMPLEMENTATIONS = YES;
				CLANG_WARN_DIRECT_OBJC_ISA_USAGE = YES_ERROR;
				CLANG_WARN_DOCUMENTATION_COMMENTS = YES;
				CLANG_WARN_EMPTY_BODY = YES;
				CLANG_WARN_ENUM_CONVERSION = YES;
				CLANG_WARN_INFINITE_RECURSION = YES;
				CLANG_WARN_INT_CONVERSION = YES;
				CLANG_WARN_NON_LITERAL_NULL_CONVERSION = YES;
				CLANG_WARN_OBJC_IMPLICIT_RETAIN_SELF = YES;
				CLANG_WARN_OBJC_LITERAL_CONVERSION = YES;
				CLANG_WARN_OBJC_ROOT_CLASS = YES_ERROR;
				CLANG_WARN_QUOTED_INCLUDE_IN_FRAMEWORK_HEADER = YES;
				CLANG_WARN_RANGE_LOOP_ANALYSIS = YES;
				CLANG_WARN_STRICT_PROTOTYPES = YES;
				CLANG_WARN_SUSPICIOUS_MOVE = YES;
				CLANG_WARN_UNGUARDED_AVAILABILITY = YES_AGGRESSIVE;
				CLANG_WARN_UNREACHABLE_CODE = YES;
				CLANG_WARN__DUPLICATE_METHOD_MATCH = YES;
				COPY_PHASE_STRIP = NO;
				DEBUG_INFORMATION_FORMAT = dwarf;
				ENABLE_STRICT_OBJC_MSGSEND = YES;
				ENABLE_TESTABILITY = YES;
				ENABLE_USER_SCRIPT_SANDBOXING = YES;
				GCC_C_LANGUAGE_STANDARD = gnu17;
				GCC_DYNAMIC_NO_PIC = NO;
				GCC_NO_COMMON_BLOCKS = YES;
				GCC_OPTIMIZATION_LEVEL = 0;
				GCC_PREPROCESSOR_DEFINITIONS = (
					"DEBUG=1",
					"$(inherited)",
				);
				GCC_WARN_64_TO_32_BIT_CONVERSION = YES;
				GCC_WARN_ABOUT_RETURN_TYPE = YES_ERROR;
				GCC_WARN_UNDECLARED_SELECTOR = YES;
				GCC_WARN_UNINITIALIZED_AUTOS = YES_AGGRESSIVE;
				GCC_WARN_UNUSED_FUNCTION = YES;
				GCC_WARN_UNUSED_VARIABLE = YES;
				IPHONEOS_DEPLOYMENT_TARGET = 17.5;
				LOCALIZATION_PREFERS_STRING_CATALOGS = YES;
				MTL_ENABLE_DEBUG_INFO = INCLUDE_SOURCE;
				MTL_FAST_MATH = YES;
				ONLY_ACTIVE_ARCH = YES;
				SDKROOT = iphoneos;
				SWIFT_ACTIVE_COMPILATION_CONDITIONS = "DEBUG $(inherited)";
				SWIFT_OPTIMIZATION_LEVEL = "-Onone";
			};
			name = Debug;
		};
		BD9FAE1A2C53AA4E0008878E /* Release */ = {
			isa = XCBuildConfiguration;
			buildSettings = {
				ALWAYS_SEARCH_USER_PATHS = NO;
				ASSETCATALOG_COMPILER_GENERATE_SWIFT_ASSET_SYMBOL_EXTENSIONS = YES;
				CLANG_ANALYZER_NONNULL = YES;
				CLANG_ANALYZER_NUMBER_OBJECT_CONVERSION = YES_AGGRESSIVE;
				CLANG_CXX_LANGUAGE_STANDARD = "gnu++20";
				CLANG_ENABLE_MODULES = YES;
				CLANG_ENABLE_OBJC_ARC = YES;
				CLANG_ENABLE_OBJC_WEAK = YES;
				CLANG_WARN_BLOCK_CAPTURE_AUTORELEASING = YES;
				CLANG_WARN_BOOL_CONVERSION = YES;
				CLANG_WARN_COMMA = YES;
				CLANG_WARN_CONSTANT_CONVERSION = YES;
				CLANG_WARN_DEPRECATED_OBJC_IMPLEMENTATIONS = YES;
				CLANG_WARN_DIRECT_OBJC_ISA_USAGE = YES_ERROR;
				CLANG_WARN_DOCUMENTATION_COMMENTS = YES;
				CLANG_WARN_EMPTY_BODY = YES;
				CLANG_WARN_ENUM_CONVERSION = YES;
				CLANG_WARN_INFINITE_RECURSION = YES;
				CLANG_WARN_INT_CONVERSION = YES;
				CLANG_WARN_NON_LITERAL_NULL_CONVERSION = YES;
				CLANG_WARN_OBJC_IMPLICIT_RETAIN_SELF = YES;
				CLANG_WARN_OBJC_LITERAL_CONVERSION = YES;
				CLANG_WARN_OBJC_ROOT_CLASS = YES_ERROR;
				CLANG_WARN_QUOTED_INCLUDE_IN_FRAMEWORK_HEADER = YES;
				CLANG_WARN_RANGE_LOOP_ANALYSIS = YES;
				CLANG_WARN_STRICT_PROTOTYPES = YES;
				CLANG_WARN_SUSPICIOUS_MOVE = YES;
				CLANG_WARN_UNGUARDED_AVAILABILITY = YES_AGGRESSIVE;
				CLANG_WARN_UNREACHABLE_CODE = YES;
				CLANG_WARN__DUPLICATE_METHOD_MATCH = YES;
				COPY_PHASE_STRIP = NO;
				DEBUG_INFORMATION_FORMAT = "dwarf-with-dsym";
				ENABLE_NS_ASSERTIONS = NO;
				ENABLE_STRICT_OBJC_MSGSEND = YES;
				ENABLE_USER_SCRIPT_SANDBOXING = YES;
				GCC_C_LANGUAGE_STANDARD = gnu17;
				GCC_NO_COMMON_BLOCKS = YES;
				GCC_WARN_64_TO_32_BIT_CONVERSION = YES;
				GCC_WARN_ABOUT_RETURN_TYPE = YES_ERROR;
				GCC_WARN_UNDECLARED_SELECTOR = YES;
				GCC_WARN_UNINITIALIZED_AUTOS = YES_AGGRESSIVE;
				GCC_WARN_UNUSED_FUNCTION = YES;
				GCC_WARN_UNUSED_VARIABLE = YES;
				IPHONEOS_DEPLOYMENT_TARGET = 17.5;
				LOCALIZATION_PREFERS_STRING_CATALOGS = YES;
				MTL_ENABLE_DEBUG_INFO = NO;
				MTL_FAST_MATH = YES;
				SDKROOT = iphoneos;
				SWIFT_COMPILATION_MODE = wholemodule;
				VALIDATE_PRODUCT = YES;
			};
			name = Release;
		};
		BD9FAE1C2C53AA4E0008878E /* Debug */ = {
			isa = XCBuildConfiguration;
			buildSettings = {
				ASSETCATALOG_COMPILER_APPICON_NAME = AppIcon;
				ASSETCATALOG_COMPILER_GLOBAL_ACCENT_COLOR_NAME = AccentColor;
				CODE_SIGN_STYLE = Automatic;
				CURRENT_PROJECT_VERSION = 1;
				DEVELOPMENT_ASSET_PATHS = "\"questions/Preview Content\"";
				DEVELOPMENT_TEAM = 5375PBDFZQ;
				ENABLE_PREVIEWS = YES;
				GENERATE_INFOPLIST_FILE = YES;
				INFOPLIST_KEY_UIApplicationSceneManifest_Generation = YES;
				INFOPLIST_KEY_UIApplicationSupportsIndirectInputEvents = YES;
				INFOPLIST_KEY_UILaunchScreen_Generation = YES;
				INFOPLIST_KEY_UISupportedInterfaceOrientations_iPad = "UIInterfaceOrientationPortrait UIInterfaceOrientationPortraitUpsideDown UIInterfaceOrientationLandscapeLeft UIInterfaceOrientationLandscapeRight";
				INFOPLIST_KEY_UISupportedInterfaceOrientations_iPhone = "UIInterfaceOrientationPortrait UIInterfaceOrientationLandscapeLeft UIInterfaceOrientationLandscapeRight";
				LD_RUNPATH_SEARCH_PATHS = (
					"$(inherited)",
					"@executable_path/Frameworks",
				);
				MARKETING_VERSION = 1.0;
				PRODUCT_BUNDLE_IDENTIFIER = kwk.questions;
				PRODUCT_NAME = "$(TARGET_NAME)";
				SWIFT_EMIT_LOC_STRINGS = YES;
				SWIFT_VERSION = 5.0;
				TARGETED_DEVICE_FAMILY = "1,2";
			};
			name = Debug;
		};
		BD9FAE1D2C53AA4E0008878E /* Release */ = {
			isa = XCBuildConfiguration;
			buildSettings = {
				ASSETCATALOG_COMPILER_APPICON_NAME = AppIcon;
				ASSETCATALOG_COMPILER_GLOBAL_ACCENT_COLOR_NAME = AccentColor;
				CODE_SIGN_STYLE = Automatic;
				CURRENT_PROJECT_VERSION = 1;
				DEVELOPMENT_ASSET_PATHS = "\"questions/Preview Content\"";
				DEVELOPMENT_TEAM = 5375PBDFZQ;
				ENABLE_PREVIEWS = YES;
				GENERATE_INFOPLIST_FILE = YES;
				INFOPLIST_KEY_UIApplicationSceneManifest_Generation = YES;
				INFOPLIST_KEY_UIApplicationSupportsIndirectInputEvents = YES;
				INFOPLIST_KEY_UILaunchScreen_Generation = YES;
				INFOPLIST_KEY_UISupportedInterfaceOrientations_iPad = "UIInterfaceOrientationPortrait UIInterfaceOrientationPortraitUpsideDown UIInterfaceOrientationLandscapeLeft UIInterfaceOrientationLandscapeRight";
				INFOPLIST_KEY_UISupportedInterfaceOrientations_iPhone = "UIInterfaceOrientationPortrait UIInterfaceOrientationLandscapeLeft UIInterfaceOrientationLandscapeRight";
				LD_RUNPATH_SEARCH_PATHS = (
					"$(inherited)",
					"@executable_path/Frameworks",
				);
				MARKETING_VERSION = 1.0;
				PRODUCT_BUNDLE_IDENTIFIER = kwk.questions;
				PRODUCT_NAME = "$(TARGET_NAME)";
				SWIFT_EMIT_LOC_STRINGS = YES;
				SWIFT_VERSION = 5.0;
				TARGETED_DEVICE_FAMILY = "1,2";
			};
			name = Release;
		};
		BD9FAE1F2C53AA4E0008878E /* Debug */ = {
			isa = XCBuildConfiguration;
			buildSettings = {
				ALWAYS_EMBED_SWIFT_STANDARD_LIBRARIES = YES;
				BUNDLE_LOADER = "$(TEST_HOST)";
				CODE_SIGN_STYLE = Automatic;
				CURRENT_PROJECT_VERSION = 1;
				DEVELOPMENT_TEAM = 5375PBDFZQ;
				GENERATE_INFOPLIST_FILE = YES;
				IPHONEOS_DEPLOYMENT_TARGET = 17.5;
				MARKETING_VERSION = 1.0;
				PRODUCT_BUNDLE_IDENTIFIER = kwk.questionsTests;
				PRODUCT_NAME = "$(TARGET_NAME)";
				SWIFT_EMIT_LOC_STRINGS = NO;
				SWIFT_VERSION = 5.0;
				TARGETED_DEVICE_FAMILY = "1,2";
				TEST_HOST = "$(BUILT_PRODUCTS_DIR)/questions.app/$(BUNDLE_EXECUTABLE_FOLDER_PATH)/questions";
			};
			name = Debug;
		};
		BD9FAE202C53AA4E0008878E /* Release */ = {
			isa = XCBuildConfiguration;
			buildSettings = {
				ALWAYS_EMBED_SWIFT_STANDARD_LIBRARIES = YES;
				BUNDLE_LOADER = "$(TEST_HOST)";
				CODE_SIGN_STYLE = Automatic;
				CURRENT_PROJECT_VERSION = 1;
				DEVELOPMENT_TEAM = 5375PBDFZQ;
				GENERATE_INFOPLIST_FILE = YES;
				IPHONEOS_DEPLOYMENT_TARGET = 17.5;
				MARKETING_VERSION = 1.0;
				PRODUCT_BUNDLE_IDENTIFIER = kwk.questionsTests;
				PRODUCT_NAME = "$(TARGET_NAME)";
				SWIFT_EMIT_LOC_STRINGS = NO;
				SWIFT_VERSION = 5.0;
				TARGETED_DEVICE_FAMILY = "1,2";
				TEST_HOST = "$(BUILT_PRODUCTS_DIR)/questions.app/$(BUNDLE_EXECUTABLE_FOLDER_PATH)/questions";
			};
			name = Release;
		};
		BD9FAE222C53AA4E0008878E /* Debug */ = {
			isa = XCBuildConfiguration;
			buildSettings = {
				ALWAYS_EMBED_SWIFT_STANDARD_LIBRARIES = YES;
				CODE_SIGN_STYLE = Automatic;
				CURRENT_PROJECT_VERSION = 1;
				DEVELOPMENT_TEAM = 5375PBDFZQ;
				GENERATE_INFOPLIST_FILE = YES;
				MARKETING_VERSION = 1.0;
				PRODUCT_BUNDLE_IDENTIFIER = kwk.questionsUITests;
				PRODUCT_NAME = "$(TARGET_NAME)";
				SWIFT_EMIT_LOC_STRINGS = NO;
				SWIFT_VERSION = 5.0;
				TARGETED_DEVICE_FAMILY = "1,2";
				TEST_TARGET_NAME = questions;
			};
			name = Debug;
		};
		BD9FAE232C53AA4E0008878E /* Release */ = {
			isa = XCBuildConfiguration;
			buildSettings = {
				ALWAYS_EMBED_SWIFT_STANDARD_LIBRARIES = YES;
				CODE_SIGN_STYLE = Automatic;
				CURRENT_PROJECT_VERSION = 1;
				DEVELOPMENT_TEAM = 5375PBDFZQ;
				GENERATE_INFOPLIST_FILE = YES;
				MARKETING_VERSION = 1.0;
				PRODUCT_BUNDLE_IDENTIFIER = kwk.questionsUITests;
				PRODUCT_NAME = "$(TARGET_NAME)";
				SWIFT_EMIT_LOC_STRINGS = NO;
				SWIFT_VERSION = 5.0;
				TARGETED_DEVICE_FAMILY = "1,2";
				TEST_TARGET_NAME = questions;
			};
			name = Release;
		};
/* End XCBuildConfiguration section */

/* Begin XCConfigurationList section */
		BD9FADF22C53AA4C0008878E /* Build configuration list for PBXProject "questions" */ = {
			isa = XCConfigurationList;
			buildConfigurations = (
				BD9FAE192C53AA4E0008878E /* Debug */,
				BD9FAE1A2C53AA4E0008878E /* Release */,
			);
			defaultConfigurationIsVisible = 0;
			defaultConfigurationName = Release;
		};
		BD9FAE1B2C53AA4E0008878E /* Build configuration list for PBXNativeTarget "questions" */ = {
			isa = XCConfigurationList;
			buildConfigurations = (
				BD9FAE1C2C53AA4E0008878E /* Debug */,
				BD9FAE1D2C53AA4E0008878E /* Release */,
			);
			defaultConfigurationIsVisible = 0;
			defaultConfigurationName = Release;
		};
		BD9FAE1E2C53AA4E0008878E /* Build configuration list for PBXNativeTarget "questionsTests" */ = {
			isa = XCConfigurationList;
			buildConfigurations = (
				BD9FAE1F2C53AA4E0008878E /* Debug */,
				BD9FAE202C53AA4E0008878E /* Release */,
			);
			defaultConfigurationIsVisible = 0;
			defaultConfigurationName = Release;
		};
		BD9FAE212C53AA4E0008878E /* Build configuration list for PBXNativeTarget "questionsUITests" */ = {
			isa = XCConfigurationList;
			buildConfigurations = (
				BD9FAE222C53AA4E0008878E /* Debug */,
				BD9FAE232C53AA4E0008878E /* Release */,
			);
			defaultConfigurationIsVisible = 0;
			defaultConfigurationName = Release;
		};
/* End XCConfigurationList section */
	};
	rootObject = BD9FADEF2C53AA4C0008878E /* Project object */;
}
